
Microsoft Visual Studio Solution File, Format Version 12.00
# Visual Studio 15
VisualStudioVersion = 15.0.28307.421
MinimumVisualStudioVersion = 10.0.40219.1
Project("{FAE04EC0-301F-11D3-BF4B-00C04F79EFBC}") = "lab1", "lab1\lab1.csproj", "{357CE44A-3882-4A76-9148-09C808217FE8}"
EndProject
Project("{FAE04EC0-301F-11D3-BF4B-00C04F79EFBC}") = "UnitTestProject1", "UnitTestProject1\UnitTestProject1.csproj", "{F9CC5AE3-FFF2-4B89-8699-834F7477E858}"
EndProject
Global
	GlobalSection(SolutionConfigurationPlatforms) = preSolution
		Debug|Any CPU = Debug|Any CPU
		Debug|x64 = Debug|x64
		Debug|x86 = Debug|x86
		Release|Any CPU = Release|Any CPU
		Release|x64 = Release|x64
		Release|x86 = Release|x86
	EndGlobalSection
	GlobalSection(ProjectConfigurationPlatforms) = postSolution
		{357CE44A-3882-4A76-9148-09C808217FE8}.Debug|Any CPU.ActiveCfg = Debug|Any CPU
		{357CE44A-3882-4A76-9148-09C808217FE8}.Debug|Any CPU.Build.0 = Debug|Any CPU
		{357CE44A-3882-4A76-9148-09C808217FE8}.Debug|x64.ActiveCfg = Debug|Any CPU
		{357CE44A-3882-4A76-9148-09C808217FE8}.Debug|x64.Build.0 = Debug|Any CPU
		{357CE44A-3882-4A76-9148-09C808217FE8}.Debug|x86.ActiveCfg = Debug|Any CPU
		{357CE44A-3882-4A76-9148-09C808217FE8}.Debug|x86.Build.0 = Debug|Any CPU
		{357CE44A-3882-4A76-9148-09C808217FE8}.Release|Any CPU.ActiveCfg = Release|Any CPU
		{357CE44A-3882-4A76-9148-09C808217FE8}.Release|Any CPU.Build.0 = Release|Any CPU
		{357CE44A-3882-4A76-9148-09C808217FE8}.Release|x64.ActiveCfg = Release|Any CPU
		{357CE44A-3882-4A76-9148-09C808217FE8}.Release|x64.Build.0 = Release|Any CPU
		{357CE44A-3882-4A76-9148-09C808217FE8}.Release|x86.ActiveCfg = Release|Any CPU
		{357CE44A-3882-4A76-9148-09C808217FE8}.Release|x86.Build.0 = Release|Any CPU
		{F9CC5AE3-FFF2-4B89-8699-834F7477E858}.Debug|Any CPU.ActiveCfg = Debug|Any CPU
		{F9CC5AE3-FFF2-4B89-8699-834F7477E858}.Debug|Any CPU.Build.0 = Debug|Any CPU
		{F9CC5AE3-FFF2-4B89-8699-834F7477E858}.Debug|x64.ActiveCfg = Debug|Any CPU
		{F9CC5AE3-FFF2-4B89-8699-834F7477E858}.Debug|x64.Build.0 = Debug|Any CPU
		{F9CC5AE3-FFF2-4B89-8699-834F7477E858}.Debug|x86.ActiveCfg = Debug|Any CPU
		{F9CC5AE3-FFF2-4B89-8699-834F7477E858}.Debug|x86.Build.0 = Debug|Any CPU
		{F9CC5AE3-FFF2-4B89-8699-834F7477E858}.Release|Any CPU.ActiveCfg = Release|Any CPU
		{F9CC5AE3-FFF2-4B89-8699-834F7477E858}.Release|Any CPU.Build.0 = Release|Any CPU
		{F9CC5AE3-FFF2-4B89-8699-834F7477E858}.Release|x64.ActiveCfg = Release|Any CPU
		{F9CC5AE3-FFF2-4B89-8699-834F7477E858}.Release|x64.Build.0 = Release|Any CPU
		{F9CC5AE3-FFF2-4B89-8699-834F7477E858}.Release|x86.ActiveCfg = Release|Any CPU
		{F9CC5AE3-FFF2-4B89-8699-834F7477E858}.Release|x86.Build.0 = Release|Any CPU
	EndGlobalSection
	GlobalSection(SolutionProperties) = preSolution
		HideSolutionNode = FALSE
	EndGlobalSection
	GlobalSection(ExtensibilityGlobals) = postSolution
		SolutionGuid = {068ADDB9-0BE3-4150-AD34-0ABA3F40CDF1}
	EndGlobalSection
EndGlobal
